<?xml version="1.0" encoding="utf-8"?>
<Project ToolsVersion="4.0" xmlns="http://schemas.microsoft.com/developer/msbuild/2003">
  <ItemGroup>
    <Filter Include="Dependencies">
      <UniqueIdentifier>{4e971c9e-bede-419c-8ddd-6c65eb658c15}</UniqueIdentifier>
    </Filter>
    <Filter Include="Source">
      <UniqueIdentifier>{4FC737F1-C7A5-4376-A066-2A32D752A2FF}</UniqueIdentifier>
      <Extensions>cpp;c;cc;cxx;c++;cppm;ixx;def;odl;idl;hpj;bat;asm;asmx</Extensions>
    </Filter>
    <Filter Include="Source\Game">
      <UniqueIdentifier>{91ec849c-2add-4179-9f94-01e83a943f2b}</UniqueIdentifier>
    </Filter>
    <Filter Include="Source\Game\Genie">
      <UniqueIdentifier>{ebaf1f17-2527-4dcf-a414-c9812eb7796b}</UniqueIdentifier>
    </Filter>
    <Filter Include="Source\Game\Components">
      <UniqueIdentifier>{454a972c-48c5-431c-ab29-d21e6f2b5d5a}</UniqueIdentifier>
    </Filter>
    <Filter Include="Source\Game\Stage">
      <UniqueIdentifier>{63752018-2c54-45c0-ae68-5c4192dd4b91}</UniqueIdentifier>
    </Filter>
    <Filter Include="Source\Game\Utils">
      <UniqueIdentifier>{1c7e6018-347b-41d6-a7bd-febb7a8b335b}</UniqueIdentifier>
    </Filter>
    <Filter Include="Source\Game\Physics">
      <UniqueIdentifier>{8d87ab73-7620-44d6-96ac-22572b24c0e7}</UniqueIdentifier>
    </Filter>
    <Filter Include="Source\Game\Input">
      <UniqueIdentifier>{043ad898-50f4-4578-9510-94404d2ee3a7}</UniqueIdentifier>
    </Filter>
    <Filter Include="Source\Patch">
      <UniqueIdentifier>{e98b0493-95c9-4e97-993f-e4388a169865}</UniqueIdentifier>
    </Filter>
    <Filter Include="Source\Patch\Components">
      <UniqueIdentifier>{122ce5e4-bb65-4a5b-aa90-4c78c7c89750}</UniqueIdentifier>
    </Filter>
    <Filter Include="Source\Patch\Input">
      <UniqueIdentifier>{d5338d8b-d4ad-402d-8900-f89e4ce9efd7}</UniqueIdentifier>
    </Filter>
    <Filter Include="Source\Game\Scaleform">
      <UniqueIdentifier>{bde36330-8011-41e4-898e-fa359a6f13d0}</UniqueIdentifier>
    </Filter>
    <Filter Include="Source\Patch\Debug">
      <UniqueIdentifier>{7347c4d4-fed9-415d-94e2-4f5fe418ebae}</UniqueIdentifier>
    </Filter>
    <Filter Include="Source\Game\Renderer">
      <UniqueIdentifier>{fe7089f0-7467-4757-b696-c55b3782f4c4}</UniqueIdentifier>
    </Filter>
    <Filter Include="Source\Game\FrontEnd">
      <UniqueIdentifier>{fb19d46f-fa04-49cf-b878-25d7b9ae1e54}</UniqueIdentifier>
    </Filter>
    <Filter Include="Source\Game\GamePlay">
      <UniqueIdentifier>{b6339dab-ea43-4376-9329-4c159e9b659a}</UniqueIdentifier>
    </Filter>
    <Filter Include="Source\Game\GamePlay\Race">
      <UniqueIdentifier>{efe3f9ba-14f5-470f-98e3-207deda23878}</UniqueIdentifier>
    </Filter>
    <Filter Include="Source\Game\Scaleform\Wrapper">
      <UniqueIdentifier>{2eb63a9a-dbad-4211-97a7-33f1813bd554}</UniqueIdentifier>
    </Filter>
    <Filter Include="Source\Axel">
      <UniqueIdentifier>{8e66cd5d-f645-4877-ba3e-e8473e712a0d}</UniqueIdentifier>
    </Filter>
    <Filter Include="Source\Game\Hud">
      <UniqueIdentifier>{268adbe8-9937-43e9-bde2-42b83ab677f7}</UniqueIdentifier>
    </Filter>
    <Filter Include="Source\Game\GamePlay\Missions">
      <UniqueIdentifier>{ae563cc9-4106-4f79-b1f6-c79287aad321}</UniqueIdentifier>
    </Filter>
    <Filter Include="Source\Game\FMV">
      <UniqueIdentifier>{d60bcfdb-402f-492d-9af9-c18ccc667ebe}</UniqueIdentifier>
    </Filter>
    <Filter Include="Source\Patch\FMV">
      <UniqueIdentifier>{4811fa8f-4f6d-4bd2-861e-a73cabe0e216}</UniqueIdentifier>
    </Filter>
  </ItemGroup>
  <ItemGroup>
    <ClCompile Include="dependencies\sunset\cpp\sunset.cpp">
      <Filter>Dependencies</Filter>
    </ClCompile>
    <ClCompile Include="source\pentane.cpp">
      <Filter>Source</Filter>
    </ClCompile>
    <ClCompile Include="source\Patch\Components\ActiveMoves.cpp">
      <Filter>Source\Patch\Components</Filter>
    </ClCompile>
    <ClCompile Include="source\Patch\Components\CarsReactionMonitor.cpp">
      <Filter>Source\Patch\Components</Filter>
    </ClCompile>
    <ClCompile Include="source\Patch\OptionFlashCallbacks.cpp">
      <Filter>Source\Patch</Filter>
    </ClCompile>
    <ClCompile Include="source\Game\Input\SystemInputDriver.cpp">
      <Filter>Source\Game\Input</Filter>
    </ClCompile>
    <ClCompile Include="source\Patch\Input\WindowsSystemInputDriver.cpp">
      <Filter>Source\Patch\Input</Filter>
    </ClCompile>
    <ClCompile Include="source\config.cpp">
      <Filter>Source</Filter>
    </ClCompile>
    <ClCompile Include="source\main.cpp">
      <Filter>Source</Filter>
    </ClCompile>
    <ClCompile Include="source\Patch\Input\KeyControllerInputDriver.cpp">
      <Filter>Source\Patch\Input</Filter>
    </ClCompile>
    <ClCompile Include="source\Patch\Input\ControllerInputDriver.cpp">
      <Filter>Source\Patch\Input</Filter>
    </ClCompile>
    <ClCompile Include="source\Patch\MultiPlayer.cpp">
      <Filter>Source\Patch</Filter>
    </ClCompile>
    <ClCompile Include="source\Patch\Debug\CMessageLogging.cpp">
      <Filter>Source\Patch\Debug</Filter>
    </ClCompile>
    <ClCompile Include="source\Patch\Input\SDL3ControllerDriver.cpp">
      <Filter>Source\Patch\Input</Filter>
    </ClCompile>
    <ClCompile Include="source\Game\Input\ControlMapper.cpp">
      <Filter>Source\Game\Input</Filter>
    </ClCompile>
    <ClCompile Include="source\Patch\FMV\Driver.cpp">
      <Filter>Source\Patch\FMV</Filter>
    </ClCompile>
  </ItemGroup>
  <ItemGroup>
    <ClInclude Include="source\Game\Types.hpp">
      <Filter>Source\Game</Filter>
    </ClInclude>
    <ClInclude Include="source\Game\Kernel.hpp">
      <Filter>Source\Game</Filter>
    </ClInclude>
    <ClInclude Include="source\pentane.hpp">
      <Filter>Source</Filter>
    </ClInclude>
    <ClInclude Include="source\Game\CLinearHash.hpp">
      <Filter>Source\Game</Filter>
    </ClInclude>
    <ClInclude Include="source\Game\GameSpecificFlashImpl.hpp">
      <Filter>Source\Game</Filter>
    </ClInclude>
    <ClInclude Include="source\Game\DynamicArray.hpp">
      <Filter>Source\Game</Filter>
    </ClInclude>
    <ClInclude Include="source\Game\Renderer.hpp">
      <Filter>Source\Game</Filter>
    </ClInclude>
    <ClInclude Include="source\Game\Genie\String.hpp">
      <Filter>Source\Game\Genie</Filter>
    </ClInclude>
    <ClInclude Include="source\Game\Components\ActiveMoves.hpp">
      <Filter>Source\Game\Components</Filter>
    </ClInclude>
    <ClInclude Include="source\Game\CActor.hpp">
      <Filter>Source\Game</Filter>
    </ClInclude>
    <ClInclude Include="source\Game\Components\CActorComponent.hpp">
      <Filter>Source\Game\Components</Filter>
    </ClInclude>
    <ClInclude Include="source\Game\GameProgressionManager.hpp">
      <Filter>Source\Game</Filter>
    </ClInclude>
    <ClInclude Include="source\Game\CarManager.hpp">
      <Filter>Source\Game</Filter>
    </ClInclude>
    <ClInclude Include="source\Game\Stage\DBlock.hpp">
      <Filter>Source\Game\Stage</Filter>
    </ClInclude>
    <ClInclude Include="source\Game\Stage\Cars2VehicleDBlock.hpp">
      <Filter>Source\Game\Stage</Filter>
    </ClInclude>
    <ClInclude Include="source\Game\Utils\PIDController.hpp">
      <Filter>Source\Game\Utils</Filter>
    </ClInclude>
    <ClInclude Include="source\Game\Utils\Vector3.hpp">
      <Filter>Source\Game\Utils</Filter>
    </ClInclude>
    <ClInclude Include="source\Game\Physics\RigidBody.hpp">
      <Filter>Source\Game\Physics</Filter>
    </ClInclude>
    <ClInclude Include="source\Game\Utils\Matrix.hpp">
      <Filter>Source\Game\Utils</Filter>
    </ClInclude>
    <ClInclude Include="source\Game\Stage\ActivityDBlock.hpp">
      <Filter>Source\Game\Stage</Filter>
    </ClInclude>
    <ClInclude Include="source\Game\Stage\StageEntity.hpp">
      <Filter>Source\Game\Stage</Filter>
    </ClInclude>
    <ClInclude Include="source\Game\Components\CarsVehicle.hpp">
      <Filter>Source\Game\Components</Filter>
    </ClInclude>
    <ClInclude Include="source\Game\Utils\AnimEventDispatcher.hpp">
      <Filter>Source\Game\Utils</Filter>
    </ClInclude>
    <ClInclude Include="source\Game\Stage\ActorCommands.hpp">
      <Filter>Source\Game\Stage</Filter>
    </ClInclude>
    <ClInclude Include="source\Game\CMessage.hpp">
      <Filter>Source\Game</Filter>
    </ClInclude>
    <ClInclude Include="source\Game\CarsAIManager.hpp">
      <Filter>Source\Game</Filter>
    </ClInclude>
    <ClInclude Include="source\Game\Avatar.hpp">
      <Filter>Source\Game</Filter>
    </ClInclude>
    <ClInclude Include="source\Game\CarsCamManager.hpp">
      <Filter>Source\Game</Filter>
    </ClInclude>
    <ClInclude Include="source\Game\Components\CarsReactionMonitor.hpp">
      <Filter>Source\Game\Components</Filter>
    </ClInclude>
    <ClInclude Include="source\Game\Components\CarsVehiclePlayer.hpp">
      <Filter>Source\Game\Components</Filter>
    </ClInclude>
    <ClInclude Include="source\Game\Input\SystemInputDriver.hpp">
      <Filter>Source\Game\Input</Filter>
    </ClInclude>
    <ClInclude Include="source\Patch\Input\WindowsSystemInputDriver.hpp">
      <Filter>Source\Patch\Input</Filter>
    </ClInclude>
    <ClInclude Include="source\Patch\OptionFlashCallbacks.hpp">
      <Filter>Source\Patch</Filter>
    </ClInclude>
    <ClInclude Include="source\config.hpp">
      <Filter>Source</Filter>
    </ClInclude>
    <ClInclude Include="source\Game\Utils\Vector2.hpp">
      <Filter>Source\Game\Utils</Filter>
    </ClInclude>
    <ClInclude Include="source\Patch\Input\KeyControllerInputDriver.hpp">
      <Filter>Source\Patch\Input</Filter>
    </ClInclude>
    <ClInclude Include="source\Patch\Input\ControllerInputDriver.hpp">
      <Filter>Source\Patch\Input</Filter>
    </ClInclude>
    <ClInclude Include="source\Game\Genie\List.hpp">
      <Filter>Source\Game\Genie</Filter>
    </ClInclude>
    <ClInclude Include="source\Game\Scaleform\GFxValue.hpp">
      <Filter>Source\Game\Scaleform</Filter>
    </ClInclude>
    <ClInclude Include="source\Patch\MultiPlayer.hpp">
      <Filter>Source\Patch</Filter>
    </ClInclude>
    <ClInclude Include="source\Patch\Debug\CMessageLogging.hpp">
      <Filter>Source\Patch\Debug</Filter>
    </ClInclude>
    <ClInclude Include="source\Game\MiscOffsets.hpp">
      <Filter>Source\Game</Filter>
    </ClInclude>
    <ClInclude Include="source\Game\Renderer\DataTypes.hpp">
      <Filter>Source\Game\Renderer</Filter>
    </ClInclude>
    <ClInclude Include="source\Game\FrontEnd\CarsFrontEnd.hpp">
      <Filter>Source\Game\FrontEnd</Filter>
    </ClInclude>
    <ClInclude Include="source\Game\Renderer\SceneNode.hpp">
      <Filter>Source\Game\Renderer</Filter>
    </ClInclude>
    <ClInclude Include="source\Game\Renderer\CullableNode.hpp">
      <Filter>Source\Game\Renderer</Filter>
    </ClInclude>
    <ClInclude Include="source\Game\Renderer\SubGeometryNode.hpp">
      <Filter>Source\Game\Renderer</Filter>
    </ClInclude>
    <ClInclude Include="source\Game\GamePlay\Race\RaceManager.hpp">
      <Filter>Source\Game\GamePlay\Race</Filter>
    </ClInclude>
    <ClInclude Include="source\Game\GamePlay\GameStats.hpp">
      <Filter>Source\Game\GamePlay</Filter>
    </ClInclude>
    <ClInclude Include="source\Game\Scaleform\Wrapper\Movie.hpp">
      <Filter>Source\Game\Scaleform\Wrapper</Filter>
    </ClInclude>
    <ClInclude Include="source\Game\Scaleform\Wrapper\Gui.hpp">
      <Filter>Source\Game\Scaleform\Wrapper</Filter>
    </ClInclude>
    <ClInclude Include="source\Game\Scaleform\GFxMovieView.hpp">
      <Filter>Source\Game\Scaleform</Filter>
    </ClInclude>
    <ClInclude Include="source\Game\Scaleform\GFxMovieDef.hpp">
      <Filter>Source\Game\Scaleform</Filter>
    </ClInclude>
    <ClInclude Include="source\Axel\AxelContext.hpp">
      <Filter>Source\Axel</Filter>
    </ClInclude>
    <ClInclude Include="source\Axel\Axel.hpp">
      <Filter>Source\Axel</Filter>
    </ClInclude>
    <ClInclude Include="source\Axel\SteamNet.hpp">
      <Filter>Source\Axel</Filter>
    </ClInclude>
    <ClInclude Include="source\Axel\TSQueue.hpp">
      <Filter>Source\Axel</Filter>
    </ClInclude>
    <ClInclude Include="source\Axel\AxelMessage.hpp">
      <Filter>Source\Axel</Filter>
    </ClInclude>
    <ClInclude Include="source\Axel\AxelMessageTypes.hpp">
      <Filter>Source\Axel</Filter>
    </ClInclude>
    <ClInclude Include="source\Axel\AxelVehicleState.hpp">
      <Filter>Source\Axel</Filter>
    </ClInclude>
    <ClInclude Include="source\Game\Genie\Array.hpp">
      <Filter>Source\Game\Genie</Filter>
    </ClInclude>
    <ClInclude Include="source\Game\Hud\CarsHud.hpp">
      <Filter>Source\Game\Hud</Filter>
    </ClInclude>
    <ClInclude Include="source\Game\FMV\Player.hpp">
      <Filter>Source\Game\FMV</Filter>
    </ClInclude>
    <ClInclude Include="source\Game\FMV\Subtitles.hpp">
      <Filter>Source\Game\FMV</Filter>
    </ClInclude>
    <ClInclude Include="source\Game\Renderer\Texture.hpp">
      <Filter>Source\Game\Renderer</Filter>
    </ClInclude>
    <ClInclude Include="source\Game\Renderer\Material.hpp">
      <Filter>Source\Game\Renderer</Filter>
    </ClInclude>
    <ClInclude Include="source\Patch\Input\SDL3ControllerDriver.hpp">
      <Filter>Source\Patch\Input</Filter>
    </ClInclude>
    <ClInclude Include="source\Game\Components\CarsWeaponInventory.hpp">
      <Filter>Source\Game\Components</Filter>
    </ClInclude>
    <ClInclude Include="source\Game\FMV\Driver.hpp">
      <Filter>Source\Game\FMV</Filter>
    </ClInclude>
    <ClInclude Include="source\Game\Input\ControlMapper.hpp">
      <Filter>Source\Game\Input</Filter>
    </ClInclude>
    <ClInclude Include="source\Game\Scaleform\Wrapper\FlashControlMapper.hpp">
      <Filter>Source\Game\Scaleform\Wrapper</Filter>
    </ClInclude>
    <ClInclude Include="source\Game\Scaleform\Wrapper\Layer.hpp">
      <Filter>Source\Game\Scaleform\Wrapper</Filter>
    </ClInclude>
    <ClInclude Include="source\Patch\FMV\Driver.hpp">
      <Filter>Source\Patch\FMV</Filter>
    </ClInclude>
    <ClInclude Include="source\Game\AudioEventManager.hpp">
      <Filter>Source\Game</Filter>
    </ClInclude>
    <ClInclude Include="source\Game\Renderer\Context.hpp">
      <Filter>Source\Game\Renderer</Filter>
    </ClInclude>
    <ClInclude Include="source\Game\Renderer\Driver.hpp">
      <Filter>Source\Game\Renderer</Filter>
    </ClInclude>
  </ItemGroup>
  <ItemGroup>
    <None Include="plugin.def">
      <Filter>Source</Filter>
    </None>
  </ItemGroup>
</Project>